
Microsoft Visual Studio Solution File, Format Version 12.00
# Visual Studio Version 18
VisualStudioVersion = 18.0.11205.157
MinimumVisualStudioVersion = 10.0.40219.1
Project("{FAE04EC0-301F-11D3-BF4B-00C04F79EFBC}") = "Orderflow", "Orderflow\Orderflow.csproj", "{17343F9C-CBD7-4F2E-A3B7-CBB1A63FA878}"
EndProject
Project("{FAE04EC0-301F-11D3-BF4B-00C04F79EFBC}") = "Orderflow.Identity", "Orderflow.Identity\Orderflow.Identity.csproj", "{9F8CEC28-9A61-3D4E-8B8F-99A37B7CBF2F}"
EndProject
Project("{54A90642-561A-4BB1-A94E-469ADEE60C69}") = "orderflow.web", "orderflow.web\orderflow.web.esproj", "{C9DF4FB4-937E-AC9F-DE63-5881B49AE0DF}"
EndProject
Project("{2150E333-8FDC-42A3-9474-1A3956D46DE8}") = "Elementos de la solucion", "Elementos de la solucion", "{F82F1FC8-68AF-4873-A135-1C318C5EA232}"
	ProjectSection(SolutionItems) = preProject
		.gitignore = .gitignore
		Directory.Packages.props = Directory.Packages.props
	EndProjectSection
EndProject
Project("{FAE04EC0-301F-11D3-BF4B-00C04F79EFBC}") = "Orderflow.ServiceDefaults", "Orderflow.ServiceDefaults\Orderflow.ServiceDefaults.csproj", "{426696ED-609B-40DA-B5D6-43F332C6E412}"
EndProject
Project("{FAE04EC0-301F-11D3-BF4B-00C04F79EFBC}") = "Orderflow.ApiGateway", "Orderflow.ApiGateway\Orderflow.ApiGateway.csproj", "{79DB64F2-323E-EBF7-09FE-7F47FF42F7C8}"
EndProject
Project("{FAE04EC0-301F-11D3-BF4B-00C04F79EFBC}") = "Orderflow.Shared", "Orderflow.Shared\Orderflow.Shared.csproj", "{E0997FF0-5B8C-4717-A599-D82FA7A7FFA6}"
EndProject
Project("{FAE04EC0-301F-11D3-BF4B-00C04F79EFBC}") = "Orderflow.Notification", "Orderflow.Notification\Orderflow.Notification.csproj", "{A49002F3-A1CC-21B4-6367-741BF2F0CD24}"
EndProject
Project("{FAE04EC0-301F-11D3-BF4B-00C04F79EFBC}") = "Orderflow.Catalog", "Orderflow.Catalog\Orderflow.Catalog.csproj", "{D07389A1-92DA-1431-488D-075721239D04}"
EndProject
Project("{FAE04EC0-301F-11D3-BF4B-00C04F79EFBC}") = "Orderflow.Orders", "Orderflow.Orders\Orderflow.Orders.csproj", "{CE1F1AE8-47A5-6D5E-C04D-6D57959987F0}"
EndProject
Project("{FAE04EC0-301F-11D3-BF4B-00C04F79EFBC}") = "Orderflow.Identity.Tests", "Orderflow.Identity.Tests\Orderflow.Identity.Tests.csproj", "{BF8091B5-D56F-4B27-BB20-552D18702942}"
EndProject
Global
	GlobalSection(SolutionConfigurationPlatforms) = preSolution
		Debug|Any CPU = Debug|Any CPU
		Release|Any CPU = Release|Any CPU
	EndGlobalSection
	GlobalSection(ProjectConfigurationPlatforms) = postSolution
		{17343F9C-CBD7-4F2E-A3B7-CBB1A63FA878}.Debug|Any CPU.ActiveCfg = Debug|Any CPU
		{17343F9C-CBD7-4F2E-A3B7-CBB1A63FA878}.Debug|Any CPU.Build.0 = Debug|Any CPU
		{17343F9C-CBD7-4F2E-A3B7-CBB1A63FA878}.Release|Any CPU.ActiveCfg = Release|Any CPU
		{17343F9C-CBD7-4F2E-A3B7-CBB1A63FA878}.Release|Any CPU.Build.0 = Release|Any CPU
		{9F8CEC28-9A61-3D4E-8B8F-99A37B7CBF2F}.Debug|Any CPU.ActiveCfg = Debug|Any CPU
		{9F8CEC28-9A61-3D4E-8B8F-99A37B7CBF2F}.Debug|Any CPU.Build.0 = Debug|Any CPU
		{9F8CEC28-9A61-3D4E-8B8F-99A37B7CBF2F}.Release|Any CPU.ActiveCfg = Release|Any CPU
		{9F8CEC28-9A61-3D4E-8B8F-99A37B7CBF2F}.Release|Any CPU.Build.0 = Release|Any CPU
		{C9DF4FB4-937E-AC9F-DE63-5881B49AE0DF}.Debug|Any CPU.ActiveCfg = Debug|Any CPU
		{C9DF4FB4-937E-AC9F-DE63-5881B49AE0DF}.Debug|Any CPU.Build.0 = Debug|Any CPU
		{C9DF4FB4-937E-AC9F-DE63-5881B49AE0DF}.Debug|Any CPU.Deploy.0 = Debug|Any CPU
		{C9DF4FB4-937E-AC9F-DE63-5881B49AE0DF}.Release|Any CPU.ActiveCfg = Release|Any CPU
		{C9DF4FB4-937E-AC9F-DE63-5881B49AE0DF}.Release|Any CPU.Build.0 = Release|Any CPU
		{C9DF4FB4-937E-AC9F-DE63-5881B49AE0DF}.Release|Any CPU.Deploy.0 = Release|Any CPU
		{426696ED-609B-40DA-B5D6-43F332C6E412}.Debug|Any CPU.ActiveCfg = Debug|Any CPU
		{426696ED-609B-40DA-B5D6-43F332C6E412}.Debug|Any CPU.Build.0 = Debug|Any CPU
		{426696ED-609B-40DA-B5D6-43F332C6E412}.Release|Any CPU.ActiveCfg = Release|Any CPU
		{426696ED-609B-40DA-B5D6-43F332C6E412}.Release|Any CPU.Build.0 = Release|Any CPU
		{79DB64F2-323E-EBF7-09FE-7F47FF42F7C8}.Debug|Any CPU.ActiveCfg = Debug|Any CPU
		{79DB64F2-323E-EBF7-09FE-7F47FF42F7C8}.Debug|Any CPU.Build.0 = Debug|Any CPU
		{79DB64F2-323E-EBF7-09FE-7F47FF42F7C8}.Release|Any CPU.ActiveCfg = Release|Any CPU
		{79DB64F2-323E-EBF7-09FE-7F47FF42F7C8}.Release|Any CPU.Build.0 = Release|Any CPU
		{E0997FF0-5B8C-4717-A599-D82FA7A7FFA6}.Debug|Any CPU.ActiveCfg = Debug|Any CPU
		{E0997FF0-5B8C-4717-A599-D82FA7A7FFA6}.Debug|Any CPU.Build.0 = Debug|Any CPU
		{E0997FF0-5B8C-4717-A599-D82FA7A7FFA6}.Release|Any CPU.ActiveCfg = Release|Any CPU
		{E0997FF0-5B8C-4717-A599-D82FA7A7FFA6}.Release|Any CPU.Build.0 = Release|Any CPU
		{A49002F3-A1CC-21B4-6367-741BF2F0CD24}.Debug|Any CPU.ActiveCfg = Debug|Any CPU
		{A49002F3-A1CC-21B4-6367-741BF2F0CD24}.Debug|Any CPU.Build.0 = Debug|Any CPU
		{A49002F3-A1CC-21B4-6367-741BF2F0CD24}.Release|Any CPU.ActiveCfg = Release|Any CPU
		{A49002F3-A1CC-21B4-6367-741BF2F0CD24}.Release|Any CPU.Build.0 = Release|Any CPU
		{D07389A1-92DA-1431-488D-075721239D04}.Debug|Any CPU.ActiveCfg = Debug|Any CPU
		{D07389A1-92DA-1431-488D-075721239D04}.Debug|Any CPU.Build.0 = Debug|Any CPU
		{D07389A1-92DA-1431-488D-075721239D04}.Release|Any CPU.ActiveCfg = Release|Any CPU
		{D07389A1-92DA-1431-488D-075721239D04}.Release|Any CPU.Build.0 = Release|Any CPU
		{CE1F1AE8-47A5-6D5E-C04D-6D57959987F0}.Debug|Any CPU.ActiveCfg = Debug|Any CPU
		{CE1F1AE8-47A5-6D5E-C04D-6D57959987F0}.Debug|Any CPU.Build.0 = Debug|Any CPU
		{CE1F1AE8-47A5-6D5E-C04D-6D57959987F0}.Release|Any CPU.ActiveCfg = Release|Any CPU
		{CE1F1AE8-47A5-6D5E-C04D-6D57959987F0}.Release|Any CPU.Build.0 = Release|Any CPU
		{BF8091B5-D56F-4B27-BB20-552D18702942}.Debug|Any CPU.ActiveCfg = Debug|Any CPU
		{BF8091B5-D56F-4B27-BB20-552D18702942}.Debug|Any CPU.Build.0 = Debug|Any CPU
		{BF8091B5-D56F-4B27-BB20-552D18702942}.Release|Any CPU.ActiveCfg = Release|Any CPU
		{BF8091B5-D56F-4B27-BB20-552D18702942}.Release|Any CPU.Build.0 = Release|Any CPU
	EndGlobalSection
	GlobalSection(SolutionProperties) = preSolution
		HideSolutionNode = FALSE
	EndGlobalSection
	GlobalSection(ExtensibilityGlobals) = postSolution
		SolutionGuid = {F37587F3-5A13-435D-A74C-62AE9EFD8C28}
	EndGlobalSection
EndGlobal
